// !$*UTF8*$!
{
	archiveVersion = 1;
	classes = {
	};
	objectVersion = 46;
	objects = {

/* Begin PBXBuildFile section */
		4192BC081A036A04008F5B26 /* main.m in Sources */ = {isa = PBXBuildFile; fileRef = 4192BC071A036A04008F5B26 /* main.m */; };
		4192BC0B1A036A04008F5B26 /* AppDelegate.m in Sources */ = {isa = PBXBuildFile; fileRef = 4192BC0A1A036A04008F5B26 /* AppDelegate.m */; };
		4192BC0E1A036A04008F5B26 /* ViewController.m in Sources */ = {isa = PBXBuildFile; fileRef = 4192BC0D1A036A04008F5B26 /* ViewController.m */; };
		4192BC111A036A04008F5B26 /* Main.storyboard in Resources */ = {isa = PBXBuildFile; fileRef = 4192BC0F1A036A04008F5B26 /* Main.storyboard */; };
		4192BC131A036A04008F5B26 /* Images.xcassets in Resources */ = {isa = PBXBuildFile; fileRef = 4192BC121A036A04008F5B26 /* Images.xcassets */; };
		4192BC161A036A04008F5B26 /* LaunchScreen.xib in Resources */ = {isa = PBXBuildFile; fileRef = 4192BC141A036A04008F5B26 /* LaunchScreen.xib */; };
		4192BC221A036A05008F5B26 /* PayGratuityTests.m in Sources */ = {isa = PBXBuildFile; fileRef = 4192BC211A036A05008F5B26 /* PayGratuityTests.m */; };
		4192BC2F1A036CDF008F5B26 /* Bill.m in Sources */ = {isa = PBXBuildFile; fileRef = 4192BC2E1A036CDF008F5B26 /* Bill.m */; };
		4192BC321A037401008F5B26 /* BillDetailsViewController.m in Sources */ = {isa = PBXBuildFile; fileRef = 4192BC311A037401008F5B26 /* BillDetailsViewController.m */; };
		41B705361A0B510800D2DA0B /* QuartzCore.framework in Frameworks */ = {isa = PBXBuildFile; fileRef = 41B705351A0B510800D2DA0B /* QuartzCore.framework */; };
		41EA716A1A0CC98E00F31708 /* Raleway-ExtraBold.otf in Resources */ = {isa = PBXBuildFile; fileRef = 41EA71621A0CC97C00F31708 /* Raleway-ExtraBold.otf */; };
		41EA716B1A0CC99400F31708 /* Raleway-ExtraLight.otf in Resources */ = {isa = PBXBuildFile; fileRef = 41EA71631A0CC97C00F31708 /* Raleway-ExtraLight.otf */; };
		41EA716C1A0CC99400F31708 /* Raleway-Heavy.otf in Resources */ = {isa = PBXBuildFile; fileRef = 41EA71641A0CC97C00F31708 /* Raleway-Heavy.otf */; };
		41EA716D1A0CC99400F31708 /* Raleway-Light.otf in Resources */ = {isa = PBXBuildFile; fileRef = 41EA71651A0CC97C00F31708 /* Raleway-Light.otf */; };
		41EA716E1A0CC99400F31708 /* Raleway-Medium.otf in Resources */ = {isa = PBXBuildFile; fileRef = 41EA71661A0CC97C00F31708 /* Raleway-Medium.otf */; };
		41EA716F1A0CC99400F31708 /* Raleway-Regular.otf in Resources */ = {isa = PBXBuildFile; fileRef = 41EA71671A0CC97C00F31708 /* Raleway-Regular.otf */; };
		41EA71701A0CC99400F31708 /* Raleway-Thin.otf in Resources */ = {isa = PBXBuildFile; fileRef = 41EA71681A0CC97C00F31708 /* Raleway-Thin.otf */; };
/* End PBXBuildFile section */

/* Begin PBXContainerItemProxy section */
		4192BC1C1A036A05008F5B26 /* PBXContainerItemProxy */ = {
			isa = PBXContainerItemProxy;
			containerPortal = 4192BBFA1A036A04008F5B26 /* Project object */;
			proxyType = 1;
			remoteGlobalIDString = 4192BC011A036A04008F5B26;
			remoteInfo = PayGratuity;
		};
/* End PBXContainerItemProxy section */

/* Begin PBXFileReference section */
		4192BC021A036A04008F5B26 /* PayGratuity.app */ = {isa = PBXFileReference; explicitFileType = wrapper.application; includeInIndex = 0; path = PayGratuity.app; sourceTree = BUILT_PRODUCTS_DIR; };
		4192BC061A036A04008F5B26 /* Info.plist */ = {isa = PBXFileReference; lastKnownFileType = text.plist.xml; path = Info.plist; sourceTree = "<group>"; };
		4192BC071A036A04008F5B26 /* main.m */ = {isa = PBXFileReference; lastKnownFileType = sourcecode.c.objc; path = main.m; sourceTree = "<group>"; };
		4192BC091A036A04008F5B26 /* AppDelegate.h */ = {isa = PBXFileReference; lastKnownFileType = sourcecode.c.h; path = AppDelegate.h; sourceTree = "<group>"; };
		4192BC0A1A036A04008F5B26 /* AppDelegate.m */ = {isa = PBXFileReference; lastKnownFileType = sourcecode.c.objc; path = AppDelegate.m; sourceTree = "<group>"; };
		4192BC0C1A036A04008F5B26 /* ViewController.h */ = {isa = PBXFileReference; lastKnownFileType = sourcecode.c.h; path = ViewController.h; sourceTree = "<group>"; };
		4192BC0D1A036A04008F5B26 /* ViewController.m */ = {isa = PBXFileReference; lastKnownFileType = sourcecode.c.objc; path = ViewController.m; sourceTree = "<group>"; };
		4192BC101A036A04008F5B26 /* Base */ = {isa = PBXFileReference; lastKnownFileType = file.storyboard; name = Base; path = Base.lproj/Main.storyboard; sourceTree = "<group>"; };
		4192BC121A036A04008F5B26 /* Images.xcassets */ = {isa = PBXFileReference; lastKnownFileType = folder.assetcatalog; path = Images.xcassets; sourceTree = "<group>"; };
		4192BC151A036A04008F5B26 /* Base */ = {isa = PBXFileReference; lastKnownFileType = file.xib; name = Base; path = Base.lproj/LaunchScreen.xib; sourceTree = "<group>"; };
		4192BC1B1A036A05008F5B26 /* PayGratuityTests.xctest */ = {isa = PBXFileReference; explicitFileType = wrapper.cfbundle; includeInIndex = 0; path = PayGratuityTests.xctest; sourceTree = BUILT_PRODUCTS_DIR; };
		4192BC201A036A05008F5B26 /* Info.plist */ = {isa = PBXFileReference; lastKnownFileType = text.plist.xml; path = Info.plist; sourceTree = "<group>"; };
		4192BC211A036A05008F5B26 /* PayGratuityTests.m */ = {isa = PBXFileReference; lastKnownFileType = sourcecode.c.objc; path = PayGratuityTests.m; sourceTree = "<group>"; };
		4192BC2D1A036CDF008F5B26 /* Bill.h */ = {isa = PBXFileReference; fileEncoding = 4; lastKnownFileType = sourcecode.c.h; path = Bill.h; sourceTree = "<group>"; };
		4192BC2E1A036CDF008F5B26 /* Bill.m */ = {isa = PBXFileReference; fileEncoding = 4; lastKnownFileType = sourcecode.c.objc; path = Bill.m; sourceTree = "<group>"; };
		4192BC301A037401008F5B26 /* BillDetailsViewController.h */ = {isa = PBXFileReference; fileEncoding = 4; lastKnownFileType = sourcecode.c.h; path = BillDetailsViewController.h; sourceTree = "<group>"; };
		4192BC311A037401008F5B26 /* BillDetailsViewController.m */ = {isa = PBXFileReference; fileEncoding = 4; lastKnownFileType = sourcecode.c.objc; path = BillDetailsViewController.m; sourceTree = "<group>"; };
		41B705351A0B510800D2DA0B /* QuartzCore.framework */ = {isa = PBXFileReference; lastKnownFileType = wrapper.framework; name = QuartzCore.framework; path = System/Library/Frameworks/QuartzCore.framework; sourceTree = SDKROOT; };
		41EA71611A0CC97C00F31708 /* Raleway-Bold.otf */ = {isa = PBXFileReference; lastKnownFileType = file; path = "Raleway-Bold.otf"; sourceTree = "<group>"; };
		41EA71621A0CC97C00F31708 /* Raleway-ExtraBold.otf */ = {isa = PBXFileReference; lastKnownFileType = file; path = "Raleway-ExtraBold.otf"; sourceTree = "<group>"; };
		41EA71631A0CC97C00F31708 /* Raleway-ExtraLight.otf */ = {isa = PBXFileReference; lastKnownFileType = file; path = "Raleway-ExtraLight.otf"; sourceTree = "<group>"; };
		41EA71641A0CC97C00F31708 /* Raleway-Heavy.otf */ = {isa = PBXFileReference; lastKnownFileType = file; path = "Raleway-Heavy.otf"; sourceTree = "<group>"; };
		41EA71651A0CC97C00F31708 /* Raleway-Light.otf */ = {isa = PBXFileReference; lastKnownFileType = file; path = "Raleway-Light.otf"; sourceTree = "<group>"; };
		41EA71661A0CC97C00F31708 /* Raleway-Medium.otf */ = {isa = PBXFileReference; lastKnownFileType = file; path = "Raleway-Medium.otf"; sourceTree = "<group>"; };
		41EA71671A0CC97C00F31708 /* Raleway-Regular.otf */ = {isa = PBXFileReference; lastKnownFileType = file; path = "Raleway-Regular.otf"; sourceTree = "<group>"; };
		41EA71681A0CC97C00F31708 /* Raleway-Thin.otf */ = {isa = PBXFileReference; lastKnownFileType = file; path = "Raleway-Thin.otf"; sourceTree = "<group>"; };
/* End PBXFileReference section */

/* Begin PBXFrameworksBuildPhase section */
		4192BBFF1A036A04008F5B26 /* Frameworks */ = {
			isa = PBXFrameworksBuildPhase;
			buildActionMask = 2147483647;
			files = (
				41B705361A0B510800D2DA0B /* QuartzCore.framework in Frameworks */,
			);
			runOnlyForDeploymentPostprocessing = 0;
		};
		4192BC181A036A05008F5B26 /* Frameworks */ = {
			isa = PBXFrameworksBuildPhase;
			buildActionMask = 2147483647;
			files = (
			);
			runOnlyForDeploymentPostprocessing = 0;
		};
/* End PBXFrameworksBuildPhase section */

/* Begin PBXGroup section */
		4192BBF91A036A04008F5B26 = {
			isa = PBXGroup;
			children = (
				41B705351A0B510800D2DA0B /* QuartzCore.framework */,
				4192BC041A036A04008F5B26 /* PayGratuity */,
				4192BC1E1A036A05008F5B26 /* PayGratuityTests */,
				4192BC031A036A04008F5B26 /* Products */,
				41EA71691A0CC98800F31708 /* fonts */,
			);
			sourceTree = "<group>";
		};
		4192BC031A036A04008F5B26 /* Products */ = {
			isa = PBXGroup;
			children = (
				4192BC021A036A04008F5B26 /* PayGratuity.app */,
				4192BC1B1A036A05008F5B26 /* PayGratuityTests.xctest */,
			);
			name = Products;
			sourceTree = "<group>";
		};
		4192BC041A036A04008F5B26 /* PayGratuity */ = {
			isa = PBXGroup;
			children = (
				4192BC091A036A04008F5B26 /* AppDelegate.h */,
				4192BC0A1A036A04008F5B26 /* AppDelegate.m */,
				4192BC0C1A036A04008F5B26 /* ViewController.h */,
				4192BC0D1A036A04008F5B26 /* ViewController.m */,
				4192BC301A037401008F5B26 /* BillDetailsViewController.h */,
				4192BC311A037401008F5B26 /* BillDetailsViewController.m */,
				4192BC2D1A036CDF008F5B26 /* Bill.h */,
				4192BC2E1A036CDF008F5B26 /* Bill.m */,
				4192BC0F1A036A04008F5B26 /* Main.storyboard */,
				4192BC121A036A04008F5B26 /* Images.xcassets */,
				4192BC141A036A04008F5B26 /* LaunchScreen.xib */,
				4192BC051A036A04008F5B26 /* Supporting Files */,
			);
			path = PayGratuity;
			sourceTree = "<group>";
		};
		4192BC051A036A04008F5B26 /* Supporting Files */ = {
			isa = PBXGroup;
			children = (
				4192BC061A036A04008F5B26 /* Info.plist */,
				4192BC071A036A04008F5B26 /* main.m */,
			);
			name = "Supporting Files";
			sourceTree = "<group>";
		};
		4192BC1E1A036A05008F5B26 /* PayGratuityTests */ = {
			isa = PBXGroup;
			children = (
				4192BC211A036A05008F5B26 /* PayGratuityTests.m */,
				4192BC1F1A036A05008F5B26 /* Supporting Files */,
			);
			path = PayGratuityTests;
			sourceTree = "<group>";
		};
		4192BC1F1A036A05008F5B26 /* Supporting Files */ = {
			isa = PBXGroup;
			children = (
				4192BC201A036A05008F5B26 /* Info.plist */,
			);
			name = "Supporting Files";
			sourceTree = "<group>";
		};
		41EA71691A0CC98800F31708 /* fonts */ = {
			isa = PBXGroup;
			children = (
				41EA71611A0CC97C00F31708 /* Raleway-Bold.otf */,
				41EA71621A0CC97C00F31708 /* Raleway-ExtraBold.otf */,
				41EA71631A0CC97C00F31708 /* Raleway-ExtraLight.otf */,
				41EA71641A0CC97C00F31708 /* Raleway-Heavy.otf */,
				41EA71651A0CC97C00F31708 /* Raleway-Light.otf */,
				41EA71661A0CC97C00F31708 /* Raleway-Medium.otf */,
				41EA71671A0CC97C00F31708 /* Raleway-Regular.otf */,
				41EA71681A0CC97C00F31708 /* Raleway-Thin.otf */,
			);
			name = fonts;
			sourceTree = "<group>";
		};
/* End PBXGroup section */

/* Begin PBXNativeTarget section */
		4192BC011A036A04008F5B26 /* PayGratuity */ = {
			isa = PBXNativeTarget;
			buildConfigurationList = 4192BC251A036A05008F5B26 /* Build configuration list for PBXNativeTarget "PayGratuity" */;
			buildPhases = (
				4192BBFE1A036A04008F5B26 /* Sources */,
				4192BBFF1A036A04008F5B26 /* Frameworks */,
				4192BC001A036A04008F5B26 /* Resources */,
			);
			buildRules = (
			);
			dependencies = (
			);
			name = PayGratuity;
			productName = PayGratuity;
			productReference = 4192BC021A036A04008F5B26 /* PayGratuity.app */;
			productType = "com.apple.product-type.application";
		};
		4192BC1A1A036A05008F5B26 /* PayGratuityTests */ = {
			isa = PBXNativeTarget;
			buildConfigurationList = 4192BC281A036A05008F5B26 /* Build configuration list for PBXNativeTarget "PayGratuityTests" */;
			buildPhases = (
				4192BC171A036A05008F5B26 /* Sources */,
				4192BC181A036A05008F5B26 /* Frameworks */,
				4192BC191A036A05008F5B26 /* Resources */,
			);
			buildRules = (
			);
			dependencies = (
				4192BC1D1A036A05008F5B26 /* PBXTargetDependency */,
			);
			name = PayGratuityTests;
			productName = PayGratuityTests;
			productReference = 4192BC1B1A036A05008F5B26 /* PayGratuityTests.xctest */;
			productType = "com.apple.product-type.bundle.unit-test";
		};
/* End PBXNativeTarget section */

/* Begin PBXProject section */
		4192BBFA1A036A04008F5B26 /* Project object */ = {
			isa = PBXProject;
			attributes = {
				LastUpgradeCheck = 0610;
				ORGANIZATIONNAME = "Jian Yao Ang";
				TargetAttributes = {
					4192BC011A036A04008F5B26 = {
						CreatedOnToolsVersion = 6.1;
						DevelopmentTeam = 7TNFG933PD;
					};
					4192BC1A1A036A05008F5B26 = {
						CreatedOnToolsVersion = 6.1;
						TestTargetID = 4192BC011A036A04008F5B26;
					};
				};
			};
			buildConfigurationList = 4192BBFD1A036A04008F5B26 /* Build configuration list for PBXProject "PayGratuity" */;
			compatibilityVersion = "Xcode 3.2";
			developmentRegion = English;
			hasScannedForEncodings = 0;
			knownRegions = (
				en,
				Base,
			);
			mainGroup = 4192BBF91A036A04008F5B26;
			productRefGroup = 4192BC031A036A04008F5B26 /* Products */;
			projectDirPath = "";
			projectRoot = "";
			targets = (
				4192BC011A036A04008F5B26 /* PayGratuity */,
				4192BC1A1A036A05008F5B26 /* PayGratuityTests */,
			);
		};
/* End PBXProject section */

/* Begin PBXResourcesBuildPhase section */
		4192BC001A036A04008F5B26 /* Resources */ = {
			isa = PBXResourcesBuildPhase;
			buildActionMask = 2147483647;
			files = (
				41EA71701A0CC99400F31708 /* Raleway-Thin.otf in Resources */,
				4192BC111A036A04008F5B26 /* Main.storyboard in Resources */,
				41EA716D1A0CC99400F31708 /* Raleway-Light.otf in Resources */,
				4192BC161A036A04008F5B26 /* LaunchScreen.xib in Resources */,
				41EA716B1A0CC99400F31708 /* Raleway-ExtraLight.otf in Resources */,
				41EA716E1A0CC99400F31708 /* Raleway-Medium.otf in Resources */,
				4192BC131A036A04008F5B26 /* Images.xcassets in Resources */,
				41EA716A1A0CC98E00F31708 /* Raleway-ExtraBold.otf in Resources */,
				41EA716F1A0CC99400F31708 /* Raleway-Regular.otf in Resources */,
				41EA716C1A0CC99400F31708 /* Raleway-Heavy.otf in Resources */,
			);
			runOnlyForDeploymentPostprocessing = 0;
		};
		4192BC191A036A05008F5B26 /* Resources */ = {
			isa = PBXResourcesBuildPhase;
			buildActionMask = 2147483647;
			files = (
			);
			runOnlyForDeploymentPostprocessing = 0;
		};
/* End PBXResourcesBuildPhase section */

/* Begin PBXSourcesBuildPhase section */
		4192BBFE1A036A04008F5B26 /* Sources */ = {
			isa = PBXSourcesBuildPhase;
			buildActionMask = 2147483647;
			files = (
				4192BC2F1A036CDF008F5B26 /* Bill.m in Sources */,
				4192BC0E1A036A04008F5B26 /* ViewController.m in Sources */,
				4192BC321A037401008F5B26 /* BillDetailsViewController.m in Sources */,
				4192BC0B1A036A04008F5B26 /* AppDelegate.m in Sources */,
				4192BC081A036A04008F5B26 /* main.m in Sources */,
			);
			runOnlyForDeploymentPostprocessing = 0;
		};
		4192BC171A036A05008F5B26 /* Sources */ = {
			isa = PBXSourcesBuildPhase;
			buildActionMask = 2147483647;
			files = (
				4192BC221A036A05008F5B26 /* PayGratuityTests.m in Sources */,
			);
			runOnlyForDeploymentPostprocessing = 0;
		};
/* End PBXSourcesBuildPhase section */

/* Begin PBXTargetDependency section */
		4192BC1D1A036A05008F5B26 /* PBXTargetDependency */ = {
			isa = PBXTargetDependency;
			target = 4192BC011A036A04008F5B26 /* PayGratuity */;
			targetProxy = 4192BC1C1A036A05008F5B26 /* PBXContainerItemProxy */;
		};
/* End PBXTargetDependency section */

/* Begin PBXVariantGroup section */
		4192BC0F1A036A04008F5B26 /* Main.storyboard */ = {
			isa = PBXVariantGroup;
			children = (
				4192BC101A036A04008F5B26 /* Base */,
			);
			name = Main.storyboard;
			sourceTree = "<group>";
		};
		4192BC141A036A04008F5B26 /* LaunchScreen.xib */ = {
			isa = PBXVariantGroup;
			children = (
				4192BC151A036A04008F5B26 /* Base */,
			);
			name = LaunchScreen.xib;
			sourceTree = "<group>";
		};
/* End PBXVariantGroup section */

/* Begin XCBuildConfiguration section */
		4192BC231A036A05008F5B26 /* Debug */ = {
			isa = XCBuildConfiguration;
			buildSettings = {
				ALWAYS_SEARCH_USER_PATHS = NO;
				CLANG_CXX_LANGUAGE_STANDARD = "gnu++0x";
				CLANG_CXX_LIBRARY = "libc++";
				CLANG_ENABLE_MODULES = YES;
				CLANG_ENABLE_OBJC_ARC = YES;
				CLANG_WARN_BOOL_CONVERSION = YES;
				CLANG_WARN_CONSTANT_CONVERSION = YES;
				CLANG_WARN_DIRECT_OBJC_ISA_USAGE = YES_ERROR;
				CLANG_WARN_EMPTY_BODY = YES;
				CLANG_WARN_ENUM_CONVERSION = YES;
				CLANG_WARN_INT_CONVERSION = YES;
				CLANG_WARN_OBJC_ROOT_CLASS = YES_ERROR;
				CLANG_WARN_UNREACHABLE_CODE = YES;
				CLANG_WARN__DUPLICATE_METHOD_MATCH = YES;
				"CODE_SIGN_IDENTITY[sdk=iphoneos*]" = "iPhone Developer";
				COPY_PHASE_STRIP = NO;
				ENABLE_STRICT_OBJC_MSGSEND = YES;
				GCC_C_LANGUAGE_STANDARD = gnu99;
				GCC_DYNAMIC_NO_PIC = NO;
				GCC_OPTIMIZATION_LEVEL = 0;
				GCC_PREPROCESSOR_DEFINITIONS = (
					"DEBUG=1",
					"$(inherited)",
				);
				GCC_SYMBOLS_PRIVATE_EXTERN = NO;
				GCC_WARN_64_TO_32_BIT_CONVERSION = YES;
				GCC_WARN_ABOUT_RETURN_TYPE = YES_ERROR;
				GCC_WARN_UNDECLARED_SELECTOR = YES;
				GCC_WARN_UNINITIALIZED_AUTOS = YES_AGGRESSIVE;
				GCC_WARN_UNUSED_FUNCTION = YES;
				GCC_WARN_UNUSED_VARIABLE = YES;
				IPHONEOS_DEPLOYMENT_TARGET = 8.1;
				MTL_ENABLE_DEBUG_INFO = YES;
				ONLY_ACTIVE_ARCH = YES;
				SDKROOT = iphoneos;
			};
			name = Debug;
		};
		4192BC241A036A05008F5B26 /* Release */ = {
			isa = XCBuildConfiguration;
			buildSettings = {
				ALWAYS_SEARCH_USER_PATHS = NO;
				CLANG_CXX_LANGUAGE_STANDARD = "gnu++0x";
				CLANG_CXX_LIBRARY = "libc++";
				CLANG_ENABLE_MODULES = YES;
				CLANG_ENABLE_OBJC_ARC = YES;
				CLANG_WARN_BOOL_CONVERSION = YES;
				CLANG_WARN_CONSTANT_CONVERSION = YES;
				CLANG_WARN_DIRECT_OBJC_ISA_USAGE = YES_ERROR;
				CLANG_WARN_EMPTY_BODY = YES;
				CLANG_WARN_ENUM_CONVERSION = YES;
				CLANG_WARN_INT_CONVERSION = YES;
				CLANG_WARN_OBJC_ROOT_CLASS = YES_ERROR;
				CLANG_WARN_UNREACHABLE_CODE = YES;
				CLANG_WARN__DUPLICATE_METHOD_MATCH = YES;
				"CODE_SIGN_IDENTITY[sdk=iphoneos*]" = "iPhone Developer";
				COPY_PHASE_STRIP = YES;
				ENABLE_NS_ASSERTIONS = NO;
				ENABLE_STRICT_OBJC_MSGSEND = YES;
				GCC_C_LANGUAGE_STANDARD = gnu99;
				GCC_WARN_64_TO_32_BIT_CONVERSION = YES;
				GCC_WARN_ABOUT_RETURN_TYPE = YES_ERROR;
				GCC_WARN_UNDECLARED_SELECTOR = YES;
				GCC_WARN_UNINITIALIZED_AUTOS = YES_AGGRESSIVE;
				GCC_WARN_UNUSED_FUNCTION = YES;
				GCC_WARN_UNUSED_VARIABLE = YES;
				IPHONEOS_DEPLOYMENT_TARGET = 8.1;
				MTL_ENABLE_DEBUG_INFO = NO;
				SDKROOT = iphoneos;
				VALIDATE_PRODUCT = YES;
			};
			name = Release;
		};
		4192BC261A036A05008F5B26 /* Debug */ = {
			isa = XCBuildConfiguration;
			buildSettings = {
				ASSETCATALOG_COMPILER_APPICON_NAME = AppIcon;
				ASSETCATALOG_COMPILER_LAUNCHIMAGE_NAME = LaunchImage;
				CODE_SIGN_IDENTITY = "iPhone Developer";
				"CODE_SIGN_IDENTITY[sdk=iphoneos*]" = "iPhone Developer";
				INFOPLIST_FILE = PayGratuity/Info.plist;
				IPHONEOS_DEPLOYMENT_TARGET = 8.1;
				LD_RUNPATH_SEARCH_PATHS = "$(inherited) @executable_path/Frameworks";
				PRODUCT_NAME = "$(TARGET_NAME)";
				PROVISIONING_PROFILE = "62e19a4e-ed47-45db-844e-341961781b9e";
			};
			name = Debug;
		};
		4192BC271A036A05008F5B26 /* Release */ = {
			isa = XCBuildConfiguration;
			buildSettings = {
				ASSETCATALOG_COMPILER_APPICON_NAME = AppIcon;
				ASSETCATALOG_COMPILER_LAUNCHIMAGE_NAME = LaunchImage;
				CODE_SIGN_IDENTITY = "iPhone Distribution: Jian Yao Ang (7TNFG933PD)";
				"CODE_SIGN_IDENTITY[sdk=iphoneos*]" = "iPhone Distribution: Jian Yao Ang (7TNFG933PD)";
				INFOPLIST_FILE = PayGratuity/Info.plist;
				IPHONEOS_DEPLOYMENT_TARGET = 8.1;
				LD_RUNPATH_SEARCH_PATHS = "$(inherited) @executable_path/Frameworks";
				PRODUCT_NAME = "$(TARGET_NAME)";
				PROVISIONING_PROFILE = "62e19a4e-ed47-45db-844e-341961781b9e";
			};
			name = Release;
		};
		4192BC291A036A05008F5B26 /* Debug */ = {
			isa = XCBuildConfiguration;
			buildSettings = {
				BUNDLE_LOADER = "$(TEST_HOST)";
				FRAMEWORK_SEARCH_PATHS = (
					"$(SDKROOT)/Developer/Library/Frameworks",
					"$(inherited)",
				);
				GCC_PREPROCESSOR_DEFINITIONS = (
					"DEBUG=1",
					"$(inherited)",
				);
				INFOPLIST_FILE = PayGratuityTests/Info.plist;
				LD_RUNPATH_SEARCH_PATHS = "$(inherited) @executable_path/Frameworks @loader_path/Frameworks";
				PRODUCT_NAME = "$(TARGET_NAME)";
				TEST_HOST = "$(BUILT_PRODUCTS_DIR)/PayGratuity.app/PayGratuity";
			};
			name = Debug;
		};
		4192BC2A1A036A05008F5B26 /* Release */ = {
			isa = XCBuildConfiguration;
			buildSettings = {
				BUNDLE_LOADER = "$(TEST_HOST)";
				FRAMEWORK_SEARCH_PATHS = (
					"$(SDKROOT)/Developer/Library/Frameworks",
					"$(inherited)",
				);
				INFOPLIST_FILE = PayGratuityTests/Info.plist;
				LD_RUNPATH_SEARCH_PATHS = "$(inherited) @executable_path/Frameworks @loader_path/Frameworks";
				PRODUCT_NAME = "$(TARGET_NAME)";
				TEST_HOST = "$(BUILT_PRODUCTS_DIR)/PayGratuity.app/PayGratuity";
			};
			name = Release;
		};
/* End XCBuildConfiguration section */

/* Begin XCConfigurationList section */
		4192BBFD1A036A04008F5B26 /* Build configuration list for PBXProject "PayGratuity" */ = {
			isa = XCConfigurationList;
			buildConfigurations = (
				4192BC231A036A05008F5B26 /* Debug */,
				4192BC241A036A05008F5B26 /* Release */,
			);
			defaultConfigurationIsVisible = 0;
			defaultConfigurationName = Release;
		};
		4192BC251A036A05008F5B26 /* Build configuration list for PBXNativeTarget "PayGratuity" */ = {
			isa = XCConfigurationList;
			buildConfigurations = (
				4192BC261A036A05008F5B26 /* Debug */,
				4192BC271A036A05008F5B26 /* Release */,
			);
			defaultConfigurationIsVisible = 0;
			defaultConfigurationName = Release;
		};
		4192BC281A036A05008F5B26 /* Build configuration list for PBXNativeTarget "PayGratuityTests" */ = {
			isa = XCConfigurationList;
			buildConfigurations = (
				4192BC291A036A05008F5B26 /* Debug */,
				4192BC2A1A036A05008F5B26 /* Release */,
			);
			defaultConfigurationIsVisible = 0;
			defaultConfigurationName = Release;
		};
/* End XCConfigurationList section */
	};
	rootObject = 4192BBFA1A036A04008F5B26 /* Project object */;
}
